
Microsoft Visual Studio Solution File, Format Version 12.00
# Visual Studio Version 16
VisualStudioVersion = 16.0.36631.11
MinimumVisualStudioVersion = 10.0.40219.1
Project("{FAE04EC0-301F-11D3-BF4B-00C04F79EFBC}") = "Capa_Vista_Datos_Adicionales", "Capa_Vista_Datos_Adicionales\Capa_Vista_Datos_Adicionales.csproj", "{6FD04474-1C24-41F9-B970-5C7AB9834414}"
EndProject
Project("{FAE04EC0-301F-11D3-BF4B-00C04F79EFBC}") = "Capa_Controlador_Datos_Adicionales", "Capa_Controlador_Datos_Adicionales\Capa_Controlador_Datos_Adicionales.csproj", "{9E353A81-4A35-45A8-A80A-5C7C23756225}"
EndProject
Project("{FAE04EC0-301F-11D3-BF4B-00C04F79EFBC}") = "Capa_Modelo_Datos_Adicionales", "Capa_Modelo_Datos_Adicionales\Capa_Modelo_Datos_Adicionales.csproj", "{53C5AC5E-595A-4334-802B-B46E571D6296}"
EndProject
Global
	GlobalSection(SolutionConfigurationPlatforms) = preSolution
		Debug|Any CPU = Debug|Any CPU
		Release|Any CPU = Release|Any CPU
	EndGlobalSection
	GlobalSection(ProjectConfigurationPlatforms) = postSolution
		{6FD04474-1C24-41F9-B970-5C7AB9834414}.Debug|Any CPU.ActiveCfg = Debug|Any CPU
		{6FD04474-1C24-41F9-B970-5C7AB9834414}.Debug|Any CPU.Build.0 = Debug|Any CPU
		{6FD04474-1C24-41F9-B970-5C7AB9834414}.Release|Any CPU.ActiveCfg = Release|Any CPU
		{6FD04474-1C24-41F9-B970-5C7AB9834414}.Release|Any CPU.Build.0 = Release|Any CPU
		{9E353A81-4A35-45A8-A80A-5C7C23756225}.Debug|Any CPU.ActiveCfg = Debug|Any CPU
		{9E353A81-4A35-45A8-A80A-5C7C23756225}.Debug|Any CPU.Build.0 = Debug|Any CPU
		{9E353A81-4A35-45A8-A80A-5C7C23756225}.Release|Any CPU.ActiveCfg = Release|Any CPU
		{9E353A81-4A35-45A8-A80A-5C7C23756225}.Release|Any CPU.Build.0 = Release|Any CPU
		{53C5AC5E-595A-4334-802B-B46E571D6296}.Debug|Any CPU.ActiveCfg = Debug|Any CPU
		{53C5AC5E-595A-4334-802B-B46E571D6296}.Debug|Any CPU.Build.0 = Debug|Any CPU
		{53C5AC5E-595A-4334-802B-B46E571D6296}.Release|Any CPU.ActiveCfg = Release|Any CPU
		{53C5AC5E-595A-4334-802B-B46E571D6296}.Release|Any CPU.Build.0 = Release|Any CPU
	EndGlobalSection
	GlobalSection(SolutionProperties) = preSolution
		HideSolutionNode = FALSE
	EndGlobalSection
	GlobalSection(ExtensibilityGlobals) = postSolution
		SolutionGuid = {0E0C8DDB-5BBD-4FDF-935E-874E916B2955}
	EndGlobalSection
EndGlobal
