
Microsoft Visual Studio Solution File, Format Version 12.00
# Visual Studio Version 16
VisualStudioVersion = 16.0.36631.11
MinimumVisualStudioVersion = 10.0.40219.1
Project("{FAE04EC0-301F-11D3-BF4B-00C04F79EFBC}") = "Ejecucion_Comprobantes", "Ejecucion_Comprobantes.csproj", "{4472133B-BBFB-4CA7-B40C-181A1F08EFBC}"
EndProject
Global
	GlobalSection(SolutionConfigurationPlatforms) = preSolution
		Debug|Any CPU = Debug|Any CPU
		Release|Any CPU = Release|Any CPU
	EndGlobalSection
	GlobalSection(ProjectConfigurationPlatforms) = postSolution
		{4472133B-BBFB-4CA7-B40C-181A1F08EFBC}.Debug|Any CPU.ActiveCfg = Debug|Any CPU
		{4472133B-BBFB-4CA7-B40C-181A1F08EFBC}.Debug|Any CPU.Build.0 = Debug|Any CPU
		{4472133B-BBFB-4CA7-B40C-181A1F08EFBC}.Release|Any CPU.ActiveCfg = Release|Any CPU
		{4472133B-BBFB-4CA7-B40C-181A1F08EFBC}.Release|Any CPU.Build.0 = Release|Any CPU
	EndGlobalSection
	GlobalSection(SolutionProperties) = preSolution
		HideSolutionNode = FALSE
	EndGlobalSection
	GlobalSection(ExtensibilityGlobals) = postSolution
		SolutionGuid = {4B3A4650-32E2-48E1-BF8E-EC50BCE1A1F6}
	EndGlobalSection
EndGlobal
