
Microsoft Visual Studio Solution File, Format Version 12.00
# Visual Studio Version 16
VisualStudioVersion = 16.0.37206.5
MinimumVisualStudioVersion = 10.0.40219.1
Project("{FAE04EC0-301F-11D3-BF4B-00C04F79EFBC}") = "CV_730_DSH_BRD", "CV_730_DSH_BRD\CV_730_DSH_BRD.csproj", "{3DDA8120-5F13-40E6-A0FC-A819085EE96D}"
EndProject
Project("{FAE04EC0-301F-11D3-BF4B-00C04F79EFBC}") = "CM_730_DSH_BRD", "CM_730_DSH_BRD\CM_730_DSH_BRD.csproj", "{1A580C76-5653-4CA4-8FF1-8D01B3F9BBBB}"
EndProject
Project("{FAE04EC0-301F-11D3-BF4B-00C04F79EFBC}") = "CC_730_DSH_BRD", "CC_730_DSH_BRD\CC_730_DSH_BRD.csproj", "{A337DCC0-77E0-4067-B271-E286137E3456}"
EndProject
Global
	GlobalSection(SolutionConfigurationPlatforms) = preSolution
		Debug|Any CPU = Debug|Any CPU
		Release|Any CPU = Release|Any CPU
	EndGlobalSection
	GlobalSection(ProjectConfigurationPlatforms) = postSolution
		{3DDA8120-5F13-40E6-A0FC-A819085EE96D}.Debug|Any CPU.ActiveCfg = Debug|Any CPU
		{3DDA8120-5F13-40E6-A0FC-A819085EE96D}.Debug|Any CPU.Build.0 = Debug|Any CPU
		{3DDA8120-5F13-40E6-A0FC-A819085EE96D}.Release|Any CPU.ActiveCfg = Release|Any CPU
		{3DDA8120-5F13-40E6-A0FC-A819085EE96D}.Release|Any CPU.Build.0 = Release|Any CPU
		{1A580C76-5653-4CA4-8FF1-8D01B3F9BBBB}.Debug|Any CPU.ActiveCfg = Debug|Any CPU
		{1A580C76-5653-4CA4-8FF1-8D01B3F9BBBB}.Debug|Any CPU.Build.0 = Debug|Any CPU
		{1A580C76-5653-4CA4-8FF1-8D01B3F9BBBB}.Release|Any CPU.ActiveCfg = Release|Any CPU
		{1A580C76-5653-4CA4-8FF1-8D01B3F9BBBB}.Release|Any CPU.Build.0 = Release|Any CPU
		{A337DCC0-77E0-4067-B271-E286137E3456}.Debug|Any CPU.ActiveCfg = Debug|Any CPU
		{A337DCC0-77E0-4067-B271-E286137E3456}.Debug|Any CPU.Build.0 = Debug|Any CPU
		{A337DCC0-77E0-4067-B271-E286137E3456}.Release|Any CPU.ActiveCfg = Release|Any CPU
		{A337DCC0-77E0-4067-B271-E286137E3456}.Release|Any CPU.Build.0 = Release|Any CPU
	EndGlobalSection
	GlobalSection(SolutionProperties) = preSolution
		HideSolutionNode = FALSE
	EndGlobalSection
	GlobalSection(ExtensibilityGlobals) = postSolution
		SolutionGuid = {6F2A3058-C943-4B68-BFF7-6F530747324E}
	EndGlobalSection
EndGlobal
