
Microsoft Visual Studio Solution File, Format Version 12.00
# Visual Studio Version 16
VisualStudioVersion = 16.0.36324.18
MinimumVisualStudioVersion = 10.0.40219.1
Project("{FAE04EC0-301F-11D3-BF4B-00C04F79EFBC}") = "Exe_Renap", "Exe_Renap\Exe_Renap.csproj", "{1F8F85FC-F84F-4CAA-A2FE-2802058229D2}"
EndProject
Global
	GlobalSection(SolutionConfigurationPlatforms) = preSolution
		Debug|Any CPU = Debug|Any CPU
		Release|Any CPU = Release|Any CPU
	EndGlobalSection
	GlobalSection(ProjectConfigurationPlatforms) = postSolution
		{1F8F85FC-F84F-4CAA-A2FE-2802058229D2}.Debug|Any CPU.ActiveCfg = Debug|Any CPU
		{1F8F85FC-F84F-4CAA-A2FE-2802058229D2}.Debug|Any CPU.Build.0 = Debug|Any CPU
		{1F8F85FC-F84F-4CAA-A2FE-2802058229D2}.Release|Any CPU.ActiveCfg = Release|Any CPU
		{1F8F85FC-F84F-4CAA-A2FE-2802058229D2}.Release|Any CPU.Build.0 = Release|Any CPU
	EndGlobalSection
	GlobalSection(SolutionProperties) = preSolution
		HideSolutionNode = FALSE
	EndGlobalSection
	GlobalSection(ExtensibilityGlobals) = postSolution
		SolutionGuid = {B2DF476B-6294-4B1D-9093-444D8B3B44D8}
	EndGlobalSection
EndGlobal
