
Microsoft Visual Studio Solution File, Format Version 12.00
# Visual Studio Version 17
VisualStudioVersion = 17.11.35219.272
MinimumVisualStudioVersion = 10.0.40219.1
Project("{FAE04EC0-301F-11D3-BF4B-00C04F79EFBC}") = "Mantenimientos", "Mantenimientos\Mantenimientos.csproj", "{354187CC-B056-427F-93C2-DE7980239700}"
EndProject
Global
	GlobalSection(SolutionConfigurationPlatforms) = preSolution
		Debug|Any CPU = Debug|Any CPU
		Release|Any CPU = Release|Any CPU
	EndGlobalSection
	GlobalSection(ProjectConfigurationPlatforms) = postSolution
		{354187CC-B056-427F-93C2-DE7980239700}.Debug|Any CPU.ActiveCfg = Debug|Any CPU
		{354187CC-B056-427F-93C2-DE7980239700}.Debug|Any CPU.Build.0 = Debug|Any CPU
		{354187CC-B056-427F-93C2-DE7980239700}.Release|Any CPU.ActiveCfg = Release|Any CPU
		{354187CC-B056-427F-93C2-DE7980239700}.Release|Any CPU.Build.0 = Release|Any CPU
	EndGlobalSection
	GlobalSection(SolutionProperties) = preSolution
		HideSolutionNode = FALSE
	EndGlobalSection
	GlobalSection(ExtensibilityGlobals) = postSolution
		SolutionGuid = {FD2198C2-B786-4AD1-B2CB-88883A42C718}
	EndGlobalSection
EndGlobal
