
Microsoft Visual Studio Solution File, Format Version 12.00
# Visual Studio Version 16
VisualStudioVersion = 16.0.36631.11
MinimumVisualStudioVersion = 10.0.40219.1
Project("{FAE04EC0-301F-11D3-BF4B-00C04F79EFBC}") = "Exe_Dispo_Inve", "Exe_Dispo_Inve\Exe_Dispo_Inve.csproj", "{3A4FA9B0-5E25-4342-8C24-3E5F39605AEE}"
EndProject
Global
	GlobalSection(SolutionConfigurationPlatforms) = preSolution
		Debug|Any CPU = Debug|Any CPU
		Release|Any CPU = Release|Any CPU
	EndGlobalSection
	GlobalSection(ProjectConfigurationPlatforms) = postSolution
		{3A4FA9B0-5E25-4342-8C24-3E5F39605AEE}.Debug|Any CPU.ActiveCfg = Debug|Any CPU
		{3A4FA9B0-5E25-4342-8C24-3E5F39605AEE}.Debug|Any CPU.Build.0 = Debug|Any CPU
		{3A4FA9B0-5E25-4342-8C24-3E5F39605AEE}.Release|Any CPU.ActiveCfg = Release|Any CPU
		{3A4FA9B0-5E25-4342-8C24-3E5F39605AEE}.Release|Any CPU.Build.0 = Release|Any CPU
	EndGlobalSection
	GlobalSection(SolutionProperties) = preSolution
		HideSolutionNode = FALSE
	EndGlobalSection
	GlobalSection(ExtensibilityGlobals) = postSolution
		SolutionGuid = {9B7726BC-8C3C-44E4-B1D9-F1E094A79EC6}
	EndGlobalSection
EndGlobal
