
Microsoft Visual Studio Solution File, Format Version 12.00
# Visual Studio Version 16
VisualStudioVersion = 16.0.36422.26
MinimumVisualStudioVersion = 10.0.40219.1
Project("{FAE04EC0-301F-11D3-BF4B-00C04F79EFBC}") = "Capa_Vista_Horario", "Capa_Vista_Horario\Capa_Vista_Horario.csproj", "{BB1FD4E3-ED1F-4C97-B8E8-69BE5147B27D}"
EndProject
Global
	GlobalSection(SolutionConfigurationPlatforms) = preSolution
		Debug|Any CPU = Debug|Any CPU
		Release|Any CPU = Release|Any CPU
	EndGlobalSection
	GlobalSection(ProjectConfigurationPlatforms) = postSolution
		{BB1FD4E3-ED1F-4C97-B8E8-69BE5147B27D}.Debug|Any CPU.ActiveCfg = Debug|Any CPU
		{BB1FD4E3-ED1F-4C97-B8E8-69BE5147B27D}.Debug|Any CPU.Build.0 = Debug|Any CPU
		{BB1FD4E3-ED1F-4C97-B8E8-69BE5147B27D}.Release|Any CPU.ActiveCfg = Release|Any CPU
		{BB1FD4E3-ED1F-4C97-B8E8-69BE5147B27D}.Release|Any CPU.Build.0 = Release|Any CPU
	EndGlobalSection
	GlobalSection(SolutionProperties) = preSolution
		HideSolutionNode = FALSE
	EndGlobalSection
	GlobalSection(ExtensibilityGlobals) = postSolution
		SolutionGuid = {BB790A4D-93B4-463C-8CC2-FF3804F2083D}
	EndGlobalSection
EndGlobal
