
Microsoft Visual Studio Solution File, Format Version 12.00
# Visual Studio Version 16
VisualStudioVersion = 16.0.36422.26
MinimumVisualStudioVersion = 10.0.40219.1
Project("{FAE04EC0-301F-11D3-BF4B-00C04F79EFBC}") = "Capa_Vista_Datos_Solicitante", "Capa_Vista_Datos_Cliente\Capa_Vista_Datos_Solicitante.csproj", "{DC30899B-1E48-4B66-A638-215D20255F83}"
EndProject
Project("{FAE04EC0-301F-11D3-BF4B-00C04F79EFBC}") = "Capa_Modelo_Datos_Solicitante", "Capa_Modelo_Datos_Solicitante\Capa_Modelo_Datos_Solicitante.csproj", "{EAF5C3EB-3816-4CF2-A7A5-F36B0AA9BA22}"
EndProject
Project("{FAE04EC0-301F-11D3-BF4B-00C04F79EFBC}") = "Capa_Controlador_Datos_Solicitante", "Capa_Controlador_Datos_Solicitante\Capa_Controlador_Datos_Solicitante.csproj", "{139FA139-2DC3-4F10-9AA5-7DCD77E69D5D}"
EndProject
Global
	GlobalSection(SolutionConfigurationPlatforms) = preSolution
		Debug|Any CPU = Debug|Any CPU
		Release|Any CPU = Release|Any CPU
	EndGlobalSection
	GlobalSection(ProjectConfigurationPlatforms) = postSolution
		{DC30899B-1E48-4B66-A638-215D20255F83}.Debug|Any CPU.ActiveCfg = Debug|Any CPU
		{DC30899B-1E48-4B66-A638-215D20255F83}.Debug|Any CPU.Build.0 = Debug|Any CPU
		{DC30899B-1E48-4B66-A638-215D20255F83}.Release|Any CPU.ActiveCfg = Release|Any CPU
		{DC30899B-1E48-4B66-A638-215D20255F83}.Release|Any CPU.Build.0 = Release|Any CPU
		{EAF5C3EB-3816-4CF2-A7A5-F36B0AA9BA22}.Debug|Any CPU.ActiveCfg = Debug|Any CPU
		{EAF5C3EB-3816-4CF2-A7A5-F36B0AA9BA22}.Debug|Any CPU.Build.0 = Debug|Any CPU
		{EAF5C3EB-3816-4CF2-A7A5-F36B0AA9BA22}.Release|Any CPU.ActiveCfg = Release|Any CPU
		{EAF5C3EB-3816-4CF2-A7A5-F36B0AA9BA22}.Release|Any CPU.Build.0 = Release|Any CPU
		{139FA139-2DC3-4F10-9AA5-7DCD77E69D5D}.Debug|Any CPU.ActiveCfg = Debug|Any CPU
		{139FA139-2DC3-4F10-9AA5-7DCD77E69D5D}.Debug|Any CPU.Build.0 = Debug|Any CPU
		{139FA139-2DC3-4F10-9AA5-7DCD77E69D5D}.Release|Any CPU.ActiveCfg = Release|Any CPU
		{139FA139-2DC3-4F10-9AA5-7DCD77E69D5D}.Release|Any CPU.Build.0 = Release|Any CPU
	EndGlobalSection
	GlobalSection(SolutionProperties) = preSolution
		HideSolutionNode = FALSE
	EndGlobalSection
	GlobalSection(ExtensibilityGlobals) = postSolution
		SolutionGuid = {A660FC82-F3DB-4BCF-A2C8-0E49A1E817C8}
	EndGlobalSection
EndGlobal
