
Microsoft Visual Studio Solution File, Format Version 12.00
# Visual Studio Version 16
VisualStudioVersion = 16.0.36324.18
MinimumVisualStudioVersion = 10.0.40219.1
Project("{FAE04EC0-301F-11D3-BF4B-00C04F79EFBC}") = "Capa_Vista_Materiales", "Capa_Vista_Materiales\Capa_Vista_Materiales.csproj", "{52ECE142-1186-46D8-89AD-5786E5110A61}"
EndProject
Global
	GlobalSection(SolutionConfigurationPlatforms) = preSolution
		Debug|Any CPU = Debug|Any CPU
		Release|Any CPU = Release|Any CPU
	EndGlobalSection
	GlobalSection(ProjectConfigurationPlatforms) = postSolution
		{52ECE142-1186-46D8-89AD-5786E5110A61}.Debug|Any CPU.ActiveCfg = Debug|Any CPU
		{52ECE142-1186-46D8-89AD-5786E5110A61}.Debug|Any CPU.Build.0 = Debug|Any CPU
		{52ECE142-1186-46D8-89AD-5786E5110A61}.Release|Any CPU.ActiveCfg = Release|Any CPU
		{52ECE142-1186-46D8-89AD-5786E5110A61}.Release|Any CPU.Build.0 = Release|Any CPU
	EndGlobalSection
	GlobalSection(SolutionProperties) = preSolution
		HideSolutionNode = FALSE
	EndGlobalSection
	GlobalSection(ExtensibilityGlobals) = postSolution
		SolutionGuid = {D2BD82C9-0D80-41CC-A8E5-C26F6CD219E9}
	EndGlobalSection
EndGlobal
