
Microsoft Visual Studio Solution File, Format Version 12.00
# Visual Studio Version 16
VisualStudioVersion = 16.0.36631.11
MinimumVisualStudioVersion = 10.0.40219.1
Project("{FAE04EC0-301F-11D3-BF4B-00C04F79EFBC}") = "Capa_Vista_Mov_Inv", "Capa_Vista_Mov_Inv\Capa_Vista_Mov_Inv.csproj", "{9A902400-1CC8-4DC4-983B-9E07881CDC90}"
EndProject
Project("{FAE04EC0-301F-11D3-BF4B-00C04F79EFBC}") = "Capa_Controlador_Mov_Inv", "Capa_Controlador_Mov_Inv\Capa_Controlador_Mov_Inv.csproj", "{E8ED5712-822B-403A-B2DA-8153688E353E}"
EndProject
Project("{FAE04EC0-301F-11D3-BF4B-00C04F79EFBC}") = "Capa_Modelo_Mov_Inv", "Capa_Modelo_Mov_Inv\Capa_Modelo_Mov_Inv.csproj", "{96CCB498-485C-4FAA-8210-3DEBADD435DF}"
EndProject
Global
	GlobalSection(SolutionConfigurationPlatforms) = preSolution
		Debug|Any CPU = Debug|Any CPU
		Release|Any CPU = Release|Any CPU
	EndGlobalSection
	GlobalSection(ProjectConfigurationPlatforms) = postSolution
		{9A902400-1CC8-4DC4-983B-9E07881CDC90}.Debug|Any CPU.ActiveCfg = Debug|Any CPU
		{9A902400-1CC8-4DC4-983B-9E07881CDC90}.Debug|Any CPU.Build.0 = Debug|Any CPU
		{9A902400-1CC8-4DC4-983B-9E07881CDC90}.Release|Any CPU.ActiveCfg = Release|Any CPU
		{9A902400-1CC8-4DC4-983B-9E07881CDC90}.Release|Any CPU.Build.0 = Release|Any CPU
		{E8ED5712-822B-403A-B2DA-8153688E353E}.Debug|Any CPU.ActiveCfg = Debug|Any CPU
		{E8ED5712-822B-403A-B2DA-8153688E353E}.Debug|Any CPU.Build.0 = Debug|Any CPU
		{E8ED5712-822B-403A-B2DA-8153688E353E}.Release|Any CPU.ActiveCfg = Release|Any CPU
		{E8ED5712-822B-403A-B2DA-8153688E353E}.Release|Any CPU.Build.0 = Release|Any CPU
		{96CCB498-485C-4FAA-8210-3DEBADD435DF}.Debug|Any CPU.ActiveCfg = Debug|Any CPU
		{96CCB498-485C-4FAA-8210-3DEBADD435DF}.Debug|Any CPU.Build.0 = Debug|Any CPU
		{96CCB498-485C-4FAA-8210-3DEBADD435DF}.Release|Any CPU.ActiveCfg = Release|Any CPU
		{96CCB498-485C-4FAA-8210-3DEBADD435DF}.Release|Any CPU.Build.0 = Release|Any CPU
	EndGlobalSection
	GlobalSection(SolutionProperties) = preSolution
		HideSolutionNode = FALSE
	EndGlobalSection
	GlobalSection(ExtensibilityGlobals) = postSolution
		SolutionGuid = {19099353-C2D3-4C47-A534-529A8014A564}
	EndGlobalSection
EndGlobal
