
Microsoft Visual Studio Solution File, Format Version 12.00
# Visual Studio Version 16
VisualStudioVersion = 16.0.36422.26
MinimumVisualStudioVersion = 10.0.40219.1
Project("{FAE04EC0-301F-11D3-BF4B-00C04F79EFBC}") = "Capa_Vista_Tipo_Pasaporte", "Capa_Vista_Tipo_Pasaporte\Capa_Vista_Tipo_Pasaporte.csproj", "{95C649C3-8ADA-45B8-971E-B5F0182387BF}"
EndProject
Global
	GlobalSection(SolutionConfigurationPlatforms) = preSolution
		Debug|Any CPU = Debug|Any CPU
		Release|Any CPU = Release|Any CPU
	EndGlobalSection
	GlobalSection(ProjectConfigurationPlatforms) = postSolution
		{95C649C3-8ADA-45B8-971E-B5F0182387BF}.Debug|Any CPU.ActiveCfg = Debug|Any CPU
		{95C649C3-8ADA-45B8-971E-B5F0182387BF}.Debug|Any CPU.Build.0 = Debug|Any CPU
		{95C649C3-8ADA-45B8-971E-B5F0182387BF}.Release|Any CPU.ActiveCfg = Release|Any CPU
		{95C649C3-8ADA-45B8-971E-B5F0182387BF}.Release|Any CPU.Build.0 = Release|Any CPU
	EndGlobalSection
	GlobalSection(SolutionProperties) = preSolution
		HideSolutionNode = FALSE
	EndGlobalSection
	GlobalSection(ExtensibilityGlobals) = postSolution
		SolutionGuid = {C66D90CA-2443-4634-8D49-B0F112DA3ACF}
	EndGlobalSection
EndGlobal
