
Microsoft Visual Studio Solution File, Format Version 12.00
# Visual Studio Version 16
VisualStudioVersion = 16.0.36602.28
MinimumVisualStudioVersion = 10.0.40219.1
Project("{FAE04EC0-301F-11D3-BF4B-00C04F79EFBC}") = "Capa_Vista_Mantenimiento", "Capa_Vista_Mantenimiento\Capa_Vista_Mantenimiento.csproj", "{D33CFFEE-10DB-435F-B472-A800362956E1}"
EndProject
Global
	GlobalSection(SolutionConfigurationPlatforms) = preSolution
		Debug|Any CPU = Debug|Any CPU
		Release|Any CPU = Release|Any CPU
	EndGlobalSection
	GlobalSection(ProjectConfigurationPlatforms) = postSolution
		{D33CFFEE-10DB-435F-B472-A800362956E1}.Debug|Any CPU.ActiveCfg = Debug|Any CPU
		{D33CFFEE-10DB-435F-B472-A800362956E1}.Debug|Any CPU.Build.0 = Debug|Any CPU
		{D33CFFEE-10DB-435F-B472-A800362956E1}.Release|Any CPU.ActiveCfg = Release|Any CPU
		{D33CFFEE-10DB-435F-B472-A800362956E1}.Release|Any CPU.Build.0 = Release|Any CPU
	EndGlobalSection
	GlobalSection(SolutionProperties) = preSolution
		HideSolutionNode = FALSE
	EndGlobalSection
	GlobalSection(ExtensibilityGlobals) = postSolution
		SolutionGuid = {240256D3-F650-468B-830D-05761F242D21}
	EndGlobalSection
EndGlobal
