
Microsoft Visual Studio Solution File, Format Version 12.00
# Visual Studio Version 16
VisualStudioVersion = 16.0.36602.28
MinimumVisualStudioVersion = 10.0.40219.1
Project("{FAE04EC0-301F-11D3-BF4B-00C04F79EFBC}") = "Capa_Vista_Cronograma", "Capa_Vista_Cronograma\Capa_Vista_Cronograma.csproj", "{067901BD-BDAB-49E8-8A6E-A188A95F5993}"
EndProject
Project("{FAE04EC0-301F-11D3-BF4B-00C04F79EFBC}") = "Capa_Controlador_Cronograma", "Capa_Controlador_Cronograma\Capa_Controlador_Cronograma.csproj", "{99B5F2BB-F722-420D-BFF6-67B25516C844}"
EndProject
Project("{FAE04EC0-301F-11D3-BF4B-00C04F79EFBC}") = "Capa_Modelo_Cronograma", "Capa_Modelo_Cronograma\Capa_Modelo_Cronograma.csproj", "{C7171D0E-9693-43F5-A623-954F4A43E421}"
EndProject
Global
	GlobalSection(SolutionConfigurationPlatforms) = preSolution
		Debug|Any CPU = Debug|Any CPU
		Release|Any CPU = Release|Any CPU
	EndGlobalSection
	GlobalSection(ProjectConfigurationPlatforms) = postSolution
		{067901BD-BDAB-49E8-8A6E-A188A95F5993}.Debug|Any CPU.ActiveCfg = Debug|Any CPU
		{067901BD-BDAB-49E8-8A6E-A188A95F5993}.Debug|Any CPU.Build.0 = Debug|Any CPU
		{067901BD-BDAB-49E8-8A6E-A188A95F5993}.Release|Any CPU.ActiveCfg = Release|Any CPU
		{067901BD-BDAB-49E8-8A6E-A188A95F5993}.Release|Any CPU.Build.0 = Release|Any CPU
		{99B5F2BB-F722-420D-BFF6-67B25516C844}.Debug|Any CPU.ActiveCfg = Debug|Any CPU
		{99B5F2BB-F722-420D-BFF6-67B25516C844}.Debug|Any CPU.Build.0 = Debug|Any CPU
		{99B5F2BB-F722-420D-BFF6-67B25516C844}.Release|Any CPU.ActiveCfg = Release|Any CPU
		{99B5F2BB-F722-420D-BFF6-67B25516C844}.Release|Any CPU.Build.0 = Release|Any CPU
		{C7171D0E-9693-43F5-A623-954F4A43E421}.Debug|Any CPU.ActiveCfg = Debug|Any CPU
		{C7171D0E-9693-43F5-A623-954F4A43E421}.Debug|Any CPU.Build.0 = Debug|Any CPU
		{C7171D0E-9693-43F5-A623-954F4A43E421}.Release|Any CPU.ActiveCfg = Release|Any CPU
		{C7171D0E-9693-43F5-A623-954F4A43E421}.Release|Any CPU.Build.0 = Release|Any CPU
	EndGlobalSection
	GlobalSection(SolutionProperties) = preSolution
		HideSolutionNode = FALSE
	EndGlobalSection
	GlobalSection(ExtensibilityGlobals) = postSolution
		SolutionGuid = {4C89DAF8-7269-4CE8-9135-707965F248B4}
	EndGlobalSection
EndGlobal
