
Microsoft Visual Studio Solution File, Format Version 12.00
# Visual Studio Version 16
VisualStudioVersion = 16.0.37206.5
MinimumVisualStudioVersion = 10.0.40219.1
Project("{FAE04EC0-301F-11D3-BF4B-00C04F79EFBC}") = "Ejecutable_Tipo_Costo", "Ejecutable_Tipo_Costo\Ejecutable_Tipo_Costo.csproj", "{0FFB797D-7C06-4D79-9264-274A68528D02}"
EndProject
Global
	GlobalSection(SolutionConfigurationPlatforms) = preSolution
		Debug|Any CPU = Debug|Any CPU
		Release|Any CPU = Release|Any CPU
	EndGlobalSection
	GlobalSection(ProjectConfigurationPlatforms) = postSolution
		{0FFB797D-7C06-4D79-9264-274A68528D02}.Debug|Any CPU.ActiveCfg = Debug|Any CPU
		{0FFB797D-7C06-4D79-9264-274A68528D02}.Debug|Any CPU.Build.0 = Debug|Any CPU
		{0FFB797D-7C06-4D79-9264-274A68528D02}.Release|Any CPU.ActiveCfg = Release|Any CPU
		{0FFB797D-7C06-4D79-9264-274A68528D02}.Release|Any CPU.Build.0 = Release|Any CPU
	EndGlobalSection
	GlobalSection(SolutionProperties) = preSolution
		HideSolutionNode = FALSE
	EndGlobalSection
	GlobalSection(ExtensibilityGlobals) = postSolution
		SolutionGuid = {2161ADCA-89DB-467E-85A7-4DFD0CD65823}
	EndGlobalSection
EndGlobal
