
Microsoft Visual Studio Solution File, Format Version 12.00
# Visual Studio Version 16
VisualStudioVersion = 16.0.36324.18
MinimumVisualStudioVersion = 10.0.40219.1
Project("{FAE04EC0-301F-11D3-BF4B-00C04F79EFBC}") = "Capa_vista_Factura", "Capa_vista_Factura\Capa_vista_Factura.csproj", "{E8675E91-6286-4664-888A-3B224EB1D826}"
EndProject
Project("{FAE04EC0-301F-11D3-BF4B-00C04F79EFBC}") = "Capa_controlador_Facturas", "Capa_controlador_Facturas\Capa_controlador_Facturas.csproj", "{940D7A6D-D2F9-4BA9-A5A6-20EA9BB6FE79}"
EndProject
Project("{FAE04EC0-301F-11D3-BF4B-00C04F79EFBC}") = "Capa_modelo_factura", "Capa_modelo_factura\Capa_modelo_factura.csproj", "{2B1534AB-C96F-43D5-8C2E-2C98B00E99EC}"
EndProject
Global
	GlobalSection(SolutionConfigurationPlatforms) = preSolution
		Debug|Any CPU = Debug|Any CPU
		Release|Any CPU = Release|Any CPU
	EndGlobalSection
	GlobalSection(ProjectConfigurationPlatforms) = postSolution
		{E8675E91-6286-4664-888A-3B224EB1D826}.Debug|Any CPU.ActiveCfg = Debug|Any CPU
		{E8675E91-6286-4664-888A-3B224EB1D826}.Debug|Any CPU.Build.0 = Debug|Any CPU
		{E8675E91-6286-4664-888A-3B224EB1D826}.Release|Any CPU.ActiveCfg = Release|Any CPU
		{E8675E91-6286-4664-888A-3B224EB1D826}.Release|Any CPU.Build.0 = Release|Any CPU
		{940D7A6D-D2F9-4BA9-A5A6-20EA9BB6FE79}.Debug|Any CPU.ActiveCfg = Debug|Any CPU
		{940D7A6D-D2F9-4BA9-A5A6-20EA9BB6FE79}.Debug|Any CPU.Build.0 = Debug|Any CPU
		{940D7A6D-D2F9-4BA9-A5A6-20EA9BB6FE79}.Release|Any CPU.ActiveCfg = Release|Any CPU
		{940D7A6D-D2F9-4BA9-A5A6-20EA9BB6FE79}.Release|Any CPU.Build.0 = Release|Any CPU
		{2B1534AB-C96F-43D5-8C2E-2C98B00E99EC}.Debug|Any CPU.ActiveCfg = Debug|Any CPU
		{2B1534AB-C96F-43D5-8C2E-2C98B00E99EC}.Debug|Any CPU.Build.0 = Debug|Any CPU
		{2B1534AB-C96F-43D5-8C2E-2C98B00E99EC}.Release|Any CPU.ActiveCfg = Release|Any CPU
		{2B1534AB-C96F-43D5-8C2E-2C98B00E99EC}.Release|Any CPU.Build.0 = Release|Any CPU
	EndGlobalSection
	GlobalSection(SolutionProperties) = preSolution
		HideSolutionNode = FALSE
	EndGlobalSection
	GlobalSection(ExtensibilityGlobals) = postSolution
		SolutionGuid = {0DFA7787-9A38-4F18-A301-8E02A334A99A}
	EndGlobalSection
EndGlobal
