
Microsoft Visual Studio Solution File, Format Version 12.00
# Visual Studio Version 16
VisualStudioVersion = 16.0.36631.11
MinimumVisualStudioVersion = 10.0.40219.1
Project("{FAE04EC0-301F-11D3-BF4B-00C04F79EFBC}") = "OrdenProduccion_Ejecucion", "OrdenProduccion_Ejecucion\OrdenProduccion_Ejecucion.csproj", "{157260E3-749A-41F0-81DE-7174CE4B97C8}"
EndProject
Global
	GlobalSection(SolutionConfigurationPlatforms) = preSolution
		Debug|Any CPU = Debug|Any CPU
		Release|Any CPU = Release|Any CPU
	EndGlobalSection
	GlobalSection(ProjectConfigurationPlatforms) = postSolution
		{157260E3-749A-41F0-81DE-7174CE4B97C8}.Debug|Any CPU.ActiveCfg = Debug|Any CPU
		{157260E3-749A-41F0-81DE-7174CE4B97C8}.Debug|Any CPU.Build.0 = Debug|Any CPU
		{157260E3-749A-41F0-81DE-7174CE4B97C8}.Release|Any CPU.ActiveCfg = Release|Any CPU
		{157260E3-749A-41F0-81DE-7174CE4B97C8}.Release|Any CPU.Build.0 = Release|Any CPU
	EndGlobalSection
	GlobalSection(SolutionProperties) = preSolution
		HideSolutionNode = FALSE
	EndGlobalSection
	GlobalSection(ExtensibilityGlobals) = postSolution
		SolutionGuid = {EADAF2A3-357C-408E-B945-3D3EDD94389A}
	EndGlobalSection
EndGlobal
