
Microsoft Visual Studio Solution File, Format Version 12.00
# Visual Studio Version 16
VisualStudioVersion = 16.0.36631.11
MinimumVisualStudioVersion = 10.0.40219.1
Project("{FAE04EC0-301F-11D3-BF4B-00C04F79EFBC}") = "Capa_Controlador_Bodega", "Clase_Controlador_Bodega\Capa_Controlador_Bodega.csproj", "{2B817C25-9AB5-4301-B3C1-9BDCCAE6BDCA}"
EndProject
Project("{FAE04EC0-301F-11D3-BF4B-00C04F79EFBC}") = "Capa_Modelo_Bodega", "Clase_Modelo_Bodega\Capa_Modelo_Bodega.csproj", "{8E224DBB-A326-4B47-8FC0-3F8686987BE3}"
EndProject
Project("{FAE04EC0-301F-11D3-BF4B-00C04F79EFBC}") = "Capa_Vista_Bodegaa", "Capa_Vista_Bodegaa\Capa_Vista_Bodegaa.csproj", "{AEB736C7-B02C-49C8-85D0-8A7CA7BD747C}"
EndProject
Global
	GlobalSection(SolutionConfigurationPlatforms) = preSolution
		Debug|Any CPU = Debug|Any CPU
		Release|Any CPU = Release|Any CPU
	EndGlobalSection
	GlobalSection(ProjectConfigurationPlatforms) = postSolution
		{2B817C25-9AB5-4301-B3C1-9BDCCAE6BDCA}.Debug|Any CPU.ActiveCfg = Debug|Any CPU
		{2B817C25-9AB5-4301-B3C1-9BDCCAE6BDCA}.Debug|Any CPU.Build.0 = Debug|Any CPU
		{2B817C25-9AB5-4301-B3C1-9BDCCAE6BDCA}.Release|Any CPU.ActiveCfg = Release|Any CPU
		{2B817C25-9AB5-4301-B3C1-9BDCCAE6BDCA}.Release|Any CPU.Build.0 = Release|Any CPU
		{8E224DBB-A326-4B47-8FC0-3F8686987BE3}.Debug|Any CPU.ActiveCfg = Debug|Any CPU
		{8E224DBB-A326-4B47-8FC0-3F8686987BE3}.Debug|Any CPU.Build.0 = Debug|Any CPU
		{8E224DBB-A326-4B47-8FC0-3F8686987BE3}.Release|Any CPU.ActiveCfg = Release|Any CPU
		{8E224DBB-A326-4B47-8FC0-3F8686987BE3}.Release|Any CPU.Build.0 = Release|Any CPU
		{AEB736C7-B02C-49C8-85D0-8A7CA7BD747C}.Debug|Any CPU.ActiveCfg = Debug|Any CPU
		{AEB736C7-B02C-49C8-85D0-8A7CA7BD747C}.Debug|Any CPU.Build.0 = Debug|Any CPU
		{AEB736C7-B02C-49C8-85D0-8A7CA7BD747C}.Release|Any CPU.ActiveCfg = Release|Any CPU
		{AEB736C7-B02C-49C8-85D0-8A7CA7BD747C}.Release|Any CPU.Build.0 = Release|Any CPU
	EndGlobalSection
	GlobalSection(SolutionProperties) = preSolution
		HideSolutionNode = FALSE
	EndGlobalSection
	GlobalSection(ExtensibilityGlobals) = postSolution
		SolutionGuid = {46841D54-42E0-4A38-8432-C93EAF771C41}
	EndGlobalSection
EndGlobal
