
Microsoft Visual Studio Solution File, Format Version 12.00
# Visual Studio Version 17
VisualStudioVersion = 17.11.35219.272
MinimumVisualStudioVersion = 10.0.40219.1
Project("{FAE04EC0-301F-11D3-BF4B-00C04F79EFBC}") = "Ejecucion_MRP", "Ejecucion_MRP\Ejecucion_MRP.csproj", "{1AA18856-9944-4E01-9950-06F46D237A9F}"
EndProject
Global
	GlobalSection(SolutionConfigurationPlatforms) = preSolution
		Debug|Any CPU = Debug|Any CPU
		Release|Any CPU = Release|Any CPU
	EndGlobalSection
	GlobalSection(ProjectConfigurationPlatforms) = postSolution
		{1AA18856-9944-4E01-9950-06F46D237A9F}.Debug|Any CPU.ActiveCfg = Debug|Any CPU
		{1AA18856-9944-4E01-9950-06F46D237A9F}.Debug|Any CPU.Build.0 = Debug|Any CPU
		{1AA18856-9944-4E01-9950-06F46D237A9F}.Release|Any CPU.ActiveCfg = Release|Any CPU
		{1AA18856-9944-4E01-9950-06F46D237A9F}.Release|Any CPU.Build.0 = Release|Any CPU
	EndGlobalSection
	GlobalSection(SolutionProperties) = preSolution
		HideSolutionNode = FALSE
	EndGlobalSection
	GlobalSection(ExtensibilityGlobals) = postSolution
		SolutionGuid = {6E99E9A8-848C-437B-B09B-53DA544B9069}
	EndGlobalSection
EndGlobal
