
Microsoft Visual Studio Solution File, Format Version 12.00
# Visual Studio Version 16
VisualStudioVersion = 16.0.36631.11
MinimumVisualStudioVersion = 10.0.40219.1
Project("{FAE04EC0-301F-11D3-BF4B-00C04F79EFBC}") = "Capa_Vista", "Capa_Vista_Antecedentes\Capa_Vista.csproj", "{FD000370-0499-43E9-AD83-35D40670D2E9}"
EndProject
Project("{FAE04EC0-301F-11D3-BF4B-00C04F79EFBC}") = "Capa_Modelo", "Capa_Modelo_Antecedentes\Capa_Modelo.csproj", "{59C61407-91D8-4EE4-8561-680A8A02817F}"
EndProject
Project("{FAE04EC0-301F-11D3-BF4B-00C04F79EFBC}") = "Capa_Controlador", "Capa_Controlador\Capa_Controlador.csproj", "{833F21AD-98D6-4DBD-A0AC-E56360D06372}"
EndProject
Global
	GlobalSection(SolutionConfigurationPlatforms) = preSolution
		Debug|Any CPU = Debug|Any CPU
		Release|Any CPU = Release|Any CPU
	EndGlobalSection
	GlobalSection(ProjectConfigurationPlatforms) = postSolution
		{FD000370-0499-43E9-AD83-35D40670D2E9}.Debug|Any CPU.ActiveCfg = Debug|Any CPU
		{FD000370-0499-43E9-AD83-35D40670D2E9}.Debug|Any CPU.Build.0 = Debug|Any CPU
		{FD000370-0499-43E9-AD83-35D40670D2E9}.Release|Any CPU.ActiveCfg = Release|Any CPU
		{FD000370-0499-43E9-AD83-35D40670D2E9}.Release|Any CPU.Build.0 = Release|Any CPU
		{59C61407-91D8-4EE4-8561-680A8A02817F}.Debug|Any CPU.ActiveCfg = Debug|Any CPU
		{59C61407-91D8-4EE4-8561-680A8A02817F}.Debug|Any CPU.Build.0 = Debug|Any CPU
		{59C61407-91D8-4EE4-8561-680A8A02817F}.Release|Any CPU.ActiveCfg = Release|Any CPU
		{59C61407-91D8-4EE4-8561-680A8A02817F}.Release|Any CPU.Build.0 = Release|Any CPU
		{833F21AD-98D6-4DBD-A0AC-E56360D06372}.Debug|Any CPU.ActiveCfg = Debug|Any CPU
		{833F21AD-98D6-4DBD-A0AC-E56360D06372}.Debug|Any CPU.Build.0 = Debug|Any CPU
		{833F21AD-98D6-4DBD-A0AC-E56360D06372}.Release|Any CPU.ActiveCfg = Release|Any CPU
		{833F21AD-98D6-4DBD-A0AC-E56360D06372}.Release|Any CPU.Build.0 = Release|Any CPU
	EndGlobalSection
	GlobalSection(SolutionProperties) = preSolution
		HideSolutionNode = FALSE
	EndGlobalSection
	GlobalSection(ExtensibilityGlobals) = postSolution
		SolutionGuid = {EC977033-7A2E-4A9F-86BD-1C3FD94FC603}
	EndGlobalSection
EndGlobal
