
Microsoft Visual Studio Solution File, Format Version 12.00
# Visual Studio Version 16
VisualStudioVersion = 16.0.36631.11
MinimumVisualStudioVersion = 10.0.40219.1
Project("{FAE04EC0-301F-11D3-BF4B-00C04F79EFBC}") = "Ejecutable_Validacion", "Ejecutable_Validacion\Ejecutable_Validacion.csproj", "{CCD95D70-550B-4BCB-B46C-0BCF8A6088BA}"
EndProject
Global
	GlobalSection(SolutionConfigurationPlatforms) = preSolution
		Debug|Any CPU = Debug|Any CPU
		Release|Any CPU = Release|Any CPU
	EndGlobalSection
	GlobalSection(ProjectConfigurationPlatforms) = postSolution
		{CCD95D70-550B-4BCB-B46C-0BCF8A6088BA}.Debug|Any CPU.ActiveCfg = Debug|Any CPU
		{CCD95D70-550B-4BCB-B46C-0BCF8A6088BA}.Debug|Any CPU.Build.0 = Debug|Any CPU
		{CCD95D70-550B-4BCB-B46C-0BCF8A6088BA}.Release|Any CPU.ActiveCfg = Release|Any CPU
		{CCD95D70-550B-4BCB-B46C-0BCF8A6088BA}.Release|Any CPU.Build.0 = Release|Any CPU
	EndGlobalSection
	GlobalSection(SolutionProperties) = preSolution
		HideSolutionNode = FALSE
	EndGlobalSection
	GlobalSection(ExtensibilityGlobals) = postSolution
		SolutionGuid = {853C4455-0B14-4796-8E0F-BE6443AB7945}
	EndGlobalSection
EndGlobal
