
Microsoft Visual Studio Solution File, Format Version 12.00
# Visual Studio Version 16
VisualStudioVersion = 16.0.36324.18
MinimumVisualStudioVersion = 10.0.40219.1
Project("{FAE04EC0-301F-11D3-BF4B-00C04F79EFBC}") = "Exe_Produccion", "Exe_Produccion\Exe_Produccion.csproj", "{A181F9C9-6FC2-4586-AD6D-5C894F3F6023}"
EndProject
Global
	GlobalSection(SolutionConfigurationPlatforms) = preSolution
		Debug|Any CPU = Debug|Any CPU
		Release|Any CPU = Release|Any CPU
	EndGlobalSection
	GlobalSection(ProjectConfigurationPlatforms) = postSolution
		{A181F9C9-6FC2-4586-AD6D-5C894F3F6023}.Debug|Any CPU.ActiveCfg = Debug|Any CPU
		{A181F9C9-6FC2-4586-AD6D-5C894F3F6023}.Debug|Any CPU.Build.0 = Debug|Any CPU
		{A181F9C9-6FC2-4586-AD6D-5C894F3F6023}.Release|Any CPU.ActiveCfg = Release|Any CPU
		{A181F9C9-6FC2-4586-AD6D-5C894F3F6023}.Release|Any CPU.Build.0 = Release|Any CPU
	EndGlobalSection
	GlobalSection(SolutionProperties) = preSolution
		HideSolutionNode = FALSE
	EndGlobalSection
	GlobalSection(ExtensibilityGlobals) = postSolution
		SolutionGuid = {B241F5E5-742B-46E2-887B-7BE791C90A0A}
	EndGlobalSection
EndGlobal
