
Microsoft Visual Studio Solution File, Format Version 12.00
# Visual Studio Version 16
VisualStudioVersion = 16.0.36602.28
MinimumVisualStudioVersion = 10.0.40219.1
Project("{FAE04EC0-301F-11D3-BF4B-00C04F79EFBC}") = "Capa_Vista_Asignacion", "Capa_Vista_Asignacion\Capa_Vista_Asignacion.csproj", "{2882E1D0-065B-4EB7-B51D-6B71FD3734E9}"
EndProject
Project("{FAE04EC0-301F-11D3-BF4B-00C04F79EFBC}") = "Capa_Controlador_Asignacion", "Capa_Controlador_Asignacion\Capa_Controlador_Asignacion.csproj", "{85641D7F-3E6A-4CA6-B898-9C0FC106B900}"
EndProject
Project("{FAE04EC0-301F-11D3-BF4B-00C04F79EFBC}") = "Capa_Modelo_Asignacion", "Capa_Modelo_Asignacion\Capa_Modelo_Asignacion.csproj", "{72AA56EC-1937-4252-A148-11EFEB80C00F}"
EndProject
Global
	GlobalSection(SolutionConfigurationPlatforms) = preSolution
		Debug|Any CPU = Debug|Any CPU
		Release|Any CPU = Release|Any CPU
	EndGlobalSection
	GlobalSection(ProjectConfigurationPlatforms) = postSolution
		{2882E1D0-065B-4EB7-B51D-6B71FD3734E9}.Debug|Any CPU.ActiveCfg = Debug|Any CPU
		{2882E1D0-065B-4EB7-B51D-6B71FD3734E9}.Debug|Any CPU.Build.0 = Debug|Any CPU
		{2882E1D0-065B-4EB7-B51D-6B71FD3734E9}.Release|Any CPU.ActiveCfg = Release|Any CPU
		{2882E1D0-065B-4EB7-B51D-6B71FD3734E9}.Release|Any CPU.Build.0 = Release|Any CPU
		{85641D7F-3E6A-4CA6-B898-9C0FC106B900}.Debug|Any CPU.ActiveCfg = Debug|Any CPU
		{85641D7F-3E6A-4CA6-B898-9C0FC106B900}.Debug|Any CPU.Build.0 = Debug|Any CPU
		{85641D7F-3E6A-4CA6-B898-9C0FC106B900}.Release|Any CPU.ActiveCfg = Release|Any CPU
		{85641D7F-3E6A-4CA6-B898-9C0FC106B900}.Release|Any CPU.Build.0 = Release|Any CPU
		{72AA56EC-1937-4252-A148-11EFEB80C00F}.Debug|Any CPU.ActiveCfg = Debug|Any CPU
		{72AA56EC-1937-4252-A148-11EFEB80C00F}.Debug|Any CPU.Build.0 = Debug|Any CPU
		{72AA56EC-1937-4252-A148-11EFEB80C00F}.Release|Any CPU.ActiveCfg = Release|Any CPU
		{72AA56EC-1937-4252-A148-11EFEB80C00F}.Release|Any CPU.Build.0 = Release|Any CPU
	EndGlobalSection
	GlobalSection(SolutionProperties) = preSolution
		HideSolutionNode = FALSE
	EndGlobalSection
	GlobalSection(ExtensibilityGlobals) = postSolution
		SolutionGuid = {CD31F049-BC94-4DB7-BA62-54310933868F}
	EndGlobalSection
EndGlobal
