
Microsoft Visual Studio Solution File, Format Version 12.00
# Visual Studio Version 17
VisualStudioVersion = 17.11.35219.272
MinimumVisualStudioVersion = 10.0.40219.1
Project("{FAE04EC0-301F-11D3-BF4B-00C04F79EFBC}") = "EjecucionCitas", "EjecucionCitas\EjecucionCitas.csproj", "{74E0DC98-418C-428C-BF57-E8BB857E559B}"
EndProject
Global
	GlobalSection(SolutionConfigurationPlatforms) = preSolution
		Debug|Any CPU = Debug|Any CPU
		Release|Any CPU = Release|Any CPU
	EndGlobalSection
	GlobalSection(ProjectConfigurationPlatforms) = postSolution
		{74E0DC98-418C-428C-BF57-E8BB857E559B}.Debug|Any CPU.ActiveCfg = Debug|Any CPU
		{74E0DC98-418C-428C-BF57-E8BB857E559B}.Debug|Any CPU.Build.0 = Debug|Any CPU
		{74E0DC98-418C-428C-BF57-E8BB857E559B}.Release|Any CPU.ActiveCfg = Release|Any CPU
		{74E0DC98-418C-428C-BF57-E8BB857E559B}.Release|Any CPU.Build.0 = Release|Any CPU
	EndGlobalSection
	GlobalSection(SolutionProperties) = preSolution
		HideSolutionNode = FALSE
	EndGlobalSection
	GlobalSection(ExtensibilityGlobals) = postSolution
		SolutionGuid = {A0624282-AB14-49D0-B29B-40F9FAFC5D86}
	EndGlobalSection
EndGlobal
