
Microsoft Visual Studio Solution File, Format Version 12.00
# Visual Studio Version 16
VisualStudioVersion = 16.0.36631.11
MinimumVisualStudioVersion = 10.0.40219.1
Project("{FAE04EC0-301F-11D3-BF4B-00C04F79EFBC}") = "Capa_Vista_Ventas", "Capa_Vista_Ventas\Capa_Vista_Ventas.csproj", "{500AFE96-73B9-4496-A1DF-863384D2E26B}"
EndProject
Project("{FAE04EC0-301F-11D3-BF4B-00C04F79EFBC}") = "Capa_Modelo_Ventas", "Capa_Modelo_Ventas\Capa_Modelo_Ventas.csproj", "{8AB76F2A-18F9-4C7D-9D8D-2D5BF9557D29}"
EndProject
Project("{FAE04EC0-301F-11D3-BF4B-00C04F79EFBC}") = "Capa_Controlador_Ventas", "Capa_Controlador_Ventas\Capa_Controlador_Ventas.csproj", "{C9AA7DCF-0855-4065-B756-A8F04C53B5D5}"
EndProject
Global
	GlobalSection(SolutionConfigurationPlatforms) = preSolution
		Debug|Any CPU = Debug|Any CPU
		Release|Any CPU = Release|Any CPU
	EndGlobalSection
	GlobalSection(ProjectConfigurationPlatforms) = postSolution
		{500AFE96-73B9-4496-A1DF-863384D2E26B}.Debug|Any CPU.ActiveCfg = Debug|Any CPU
		{500AFE96-73B9-4496-A1DF-863384D2E26B}.Debug|Any CPU.Build.0 = Debug|Any CPU
		{500AFE96-73B9-4496-A1DF-863384D2E26B}.Release|Any CPU.ActiveCfg = Release|Any CPU
		{500AFE96-73B9-4496-A1DF-863384D2E26B}.Release|Any CPU.Build.0 = Release|Any CPU
		{8AB76F2A-18F9-4C7D-9D8D-2D5BF9557D29}.Debug|Any CPU.ActiveCfg = Debug|Any CPU
		{8AB76F2A-18F9-4C7D-9D8D-2D5BF9557D29}.Debug|Any CPU.Build.0 = Debug|Any CPU
		{8AB76F2A-18F9-4C7D-9D8D-2D5BF9557D29}.Release|Any CPU.ActiveCfg = Release|Any CPU
		{8AB76F2A-18F9-4C7D-9D8D-2D5BF9557D29}.Release|Any CPU.Build.0 = Release|Any CPU
		{C9AA7DCF-0855-4065-B756-A8F04C53B5D5}.Debug|Any CPU.ActiveCfg = Debug|Any CPU
		{C9AA7DCF-0855-4065-B756-A8F04C53B5D5}.Debug|Any CPU.Build.0 = Debug|Any CPU
		{C9AA7DCF-0855-4065-B756-A8F04C53B5D5}.Release|Any CPU.ActiveCfg = Release|Any CPU
		{C9AA7DCF-0855-4065-B756-A8F04C53B5D5}.Release|Any CPU.Build.0 = Release|Any CPU
	EndGlobalSection
	GlobalSection(SolutionProperties) = preSolution
		HideSolutionNode = FALSE
	EndGlobalSection
	GlobalSection(ExtensibilityGlobals) = postSolution
		SolutionGuid = {DC63E363-F669-4611-A148-2A5B7959B9B3}
	EndGlobalSection
EndGlobal
