
Microsoft Visual Studio Solution File, Format Version 12.00
# Visual Studio Version 16
VisualStudioVersion = 16.0.36631.11
MinimumVisualStudioVersion = 10.0.40219.1
Project("{FAE04EC0-301F-11D3-BF4B-00C04F79EFBC}") = "Ejecución_MDI_Logistica", "Ejecución_MDI_Logistica\Ejecución_MDI_Logistica.csproj", "{88473B18-4451-4898-BF41-188D7C2B978C}"
EndProject
Project("{54435603-DBB4-11D2-8724-00A0C9A8B90C}") = "Grupo2-Logística", "..\..\..\..\Grupo2-Logística\Grupo2-Logística.vdproj", "{3F7B7BFE-A578-4807-B65A-C8D01084923C}"
EndProject
Global
	GlobalSection(SolutionConfigurationPlatforms) = preSolution
		Debug|Any CPU = Debug|Any CPU
		Release|Any CPU = Release|Any CPU
	EndGlobalSection
	GlobalSection(ProjectConfigurationPlatforms) = postSolution
		{88473B18-4451-4898-BF41-188D7C2B978C}.Debug|Any CPU.ActiveCfg = Debug|Any CPU
		{88473B18-4451-4898-BF41-188D7C2B978C}.Debug|Any CPU.Build.0 = Debug|Any CPU
		{88473B18-4451-4898-BF41-188D7C2B978C}.Release|Any CPU.ActiveCfg = Release|Any CPU
		{88473B18-4451-4898-BF41-188D7C2B978C}.Release|Any CPU.Build.0 = Release|Any CPU
		{3F7B7BFE-A578-4807-B65A-C8D01084923C}.Debug|Any CPU.ActiveCfg = Debug
		{3F7B7BFE-A578-4807-B65A-C8D01084923C}.Release|Any CPU.ActiveCfg = Release
	EndGlobalSection
	GlobalSection(SolutionProperties) = preSolution
		HideSolutionNode = FALSE
	EndGlobalSection
	GlobalSection(ExtensibilityGlobals) = postSolution
		SolutionGuid = {0825F9FA-6683-4874-B118-EF463CAE2166}
	EndGlobalSection
EndGlobal
