
Microsoft Visual Studio Solution File, Format Version 12.00
# Visual Studio Version 16
VisualStudioVersion = 16.0.36631.11
MinimumVisualStudioVersion = 10.0.40219.1
Project("{FAE04EC0-301F-11D3-BF4B-00C04F79EFBC}") = "Capa_Vista", "Capa_Vista\Capa_Vista.csproj", "{2C0B98A2-3976-4FF7-BC65-F41745AD461E}"
EndProject
Project("{FAE04EC0-301F-11D3-BF4B-00C04F79EFBC}") = "Capa_Modelo", "Capa_Modelo\Capa_Modelo.csproj", "{C135A1A4-2755-4C6A-B0BF-EE138422B43A}"
EndProject
Project("{FAE04EC0-301F-11D3-BF4B-00C04F79EFBC}") = "Capa_Controlador", "Capa_Controlador\Capa_Controlador.csproj", "{1C4DB5E3-8041-4733-98ED-5AD4977B9A7B}"
EndProject
Global
	GlobalSection(SolutionConfigurationPlatforms) = preSolution
		Debug|Any CPU = Debug|Any CPU
		Release|Any CPU = Release|Any CPU
	EndGlobalSection
	GlobalSection(ProjectConfigurationPlatforms) = postSolution
		{2C0B98A2-3976-4FF7-BC65-F41745AD461E}.Debug|Any CPU.ActiveCfg = Debug|Any CPU
		{2C0B98A2-3976-4FF7-BC65-F41745AD461E}.Debug|Any CPU.Build.0 = Debug|Any CPU
		{2C0B98A2-3976-4FF7-BC65-F41745AD461E}.Release|Any CPU.ActiveCfg = Release|Any CPU
		{2C0B98A2-3976-4FF7-BC65-F41745AD461E}.Release|Any CPU.Build.0 = Release|Any CPU
		{C135A1A4-2755-4C6A-B0BF-EE138422B43A}.Debug|Any CPU.ActiveCfg = Debug|Any CPU
		{C135A1A4-2755-4C6A-B0BF-EE138422B43A}.Debug|Any CPU.Build.0 = Debug|Any CPU
		{C135A1A4-2755-4C6A-B0BF-EE138422B43A}.Release|Any CPU.ActiveCfg = Release|Any CPU
		{C135A1A4-2755-4C6A-B0BF-EE138422B43A}.Release|Any CPU.Build.0 = Release|Any CPU
		{1C4DB5E3-8041-4733-98ED-5AD4977B9A7B}.Debug|Any CPU.ActiveCfg = Debug|Any CPU
		{1C4DB5E3-8041-4733-98ED-5AD4977B9A7B}.Debug|Any CPU.Build.0 = Debug|Any CPU
		{1C4DB5E3-8041-4733-98ED-5AD4977B9A7B}.Release|Any CPU.ActiveCfg = Release|Any CPU
		{1C4DB5E3-8041-4733-98ED-5AD4977B9A7B}.Release|Any CPU.Build.0 = Release|Any CPU
	EndGlobalSection
	GlobalSection(SolutionProperties) = preSolution
		HideSolutionNode = FALSE
	EndGlobalSection
	GlobalSection(ExtensibilityGlobals) = postSolution
		SolutionGuid = {B62C0BC9-3054-49E8-8A01-B7043CFC4E08}
	EndGlobalSection
EndGlobal
