
Microsoft Visual Studio Solution File, Format Version 12.00
# Visual Studio Version 16
VisualStudioVersion = 16.0.36422.26
MinimumVisualStudioVersion = 10.0.40219.1
Project("{FAE04EC0-301F-11D3-BF4B-00C04F79EFBC}") = "Ejecutable_Transporte", "Ejecutable_Transporte\Ejecutable_Transporte.csproj", "{FAC23797-441C-48A7-B075-CF491DC612AF}"
EndProject
Global
	GlobalSection(SolutionConfigurationPlatforms) = preSolution
		Debug|Any CPU = Debug|Any CPU
		Release|Any CPU = Release|Any CPU
	EndGlobalSection
	GlobalSection(ProjectConfigurationPlatforms) = postSolution
		{FAC23797-441C-48A7-B075-CF491DC612AF}.Debug|Any CPU.ActiveCfg = Debug|Any CPU
		{FAC23797-441C-48A7-B075-CF491DC612AF}.Debug|Any CPU.Build.0 = Debug|Any CPU
		{FAC23797-441C-48A7-B075-CF491DC612AF}.Release|Any CPU.ActiveCfg = Release|Any CPU
		{FAC23797-441C-48A7-B075-CF491DC612AF}.Release|Any CPU.Build.0 = Release|Any CPU
	EndGlobalSection
	GlobalSection(SolutionProperties) = preSolution
		HideSolutionNode = FALSE
	EndGlobalSection
	GlobalSection(ExtensibilityGlobals) = postSolution
		SolutionGuid = {6BB58359-99A0-4D90-920D-D1375CED7AFC}
	EndGlobalSection
EndGlobal
