
Microsoft Visual Studio Solution File, Format Version 12.00
# Visual Studio Version 16
VisualStudioVersion = 16.0.36324.18
MinimumVisualStudioVersion = 10.0.40219.1
Project("{FAE04EC0-301F-11D3-BF4B-00C04F79EFBC}") = "Mantenimiento Proveedores", "Mantenimiento Proveedores\Mantenimiento Proveedores.csproj", "{A30D714A-6B3A-4A1A-A628-FBFD840EA5E5}"
EndProject
Global
	GlobalSection(SolutionConfigurationPlatforms) = preSolution
		Debug|Any CPU = Debug|Any CPU
		Release|Any CPU = Release|Any CPU
	EndGlobalSection
	GlobalSection(ProjectConfigurationPlatforms) = postSolution
		{A30D714A-6B3A-4A1A-A628-FBFD840EA5E5}.Debug|Any CPU.ActiveCfg = Debug|Any CPU
		{A30D714A-6B3A-4A1A-A628-FBFD840EA5E5}.Debug|Any CPU.Build.0 = Debug|Any CPU
		{A30D714A-6B3A-4A1A-A628-FBFD840EA5E5}.Release|Any CPU.ActiveCfg = Release|Any CPU
		{A30D714A-6B3A-4A1A-A628-FBFD840EA5E5}.Release|Any CPU.Build.0 = Release|Any CPU
	EndGlobalSection
	GlobalSection(SolutionProperties) = preSolution
		HideSolutionNode = FALSE
	EndGlobalSection
	GlobalSection(ExtensibilityGlobals) = postSolution
		SolutionGuid = {3D747173-CBF3-4FD5-9B32-C7F7E4AEB475}
	EndGlobalSection
EndGlobal
